
Microsoft Visual Studio Solution File, Format Version 12.00
# Visual Studio Version 17
VisualStudioVersion = 17.1.32210.238
MinimumVisualStudioVersion = 10.0.40219.1
Project("{FAE04EC0-301F-11D3-BF4B-00C04F79EFBC}") = "excel", "excel\excel.csproj", "{FE4C257C-5FCA-4BED-A741-00550145159E}"
EndProject
Global
	GlobalSection(SolutionConfigurationPlatforms) = preSolution
		Debug|Any CPU = Debug|Any CPU
		Release|Any CPU = Release|Any CPU
	EndGlobalSection
	GlobalSection(ProjectConfigurationPlatforms) = postSolution
		{FE4C257C-5FCA-4BED-A741-00550145159E}.Debug|Any CPU.ActiveCfg = Debug|Any CPU
		{FE4C257C-5FCA-4BED-A741-00550145159E}.Debug|Any CPU.Build.0 = Debug|Any CPU
		{FE4C257C-5FCA-4BED-A741-00550145159E}.Release|Any CPU.ActiveCfg = Release|Any CPU
		{FE4C257C-5FCA-4BED-A741-00550145159E}.Release|Any CPU.Build.0 = Release|Any CPU
	EndGlobalSection
	GlobalSection(SolutionProperties) = preSolution
		HideSolutionNode = FALSE
	EndGlobalSection
	GlobalSection(ExtensibilityGlobals) = postSolution
		SolutionGuid = {0531AD47-7F16-4A77-A031-6D3791B24C2A}
	EndGlobalSection
EndGlobal
